// !$*UTF8*$!
{
	archiveVersion = 1;
	classes = {
	};
	objectVersion = 46;
	objects = {

/* Begin PBXBuildFile section */
		569907D894FC650E6C10070E /* Pods_MessageApp.framework in Frameworks */ = {isa = PBXBuildFile; fileRef = EBFD69049D7854747DCB213C /* Pods_MessageApp.framework */; };
		5802D5381E5490EA006AF279 /* MenuViewController.swift in Sources */ = {isa = PBXBuildFile; fileRef = 5802D5371E5490EA006AF279 /* MenuViewController.swift */; };
		5802D53A1E549111006AF279 /* MenuTableViewCell.swift in Sources */ = {isa = PBXBuildFile; fileRef = 5802D5391E549111006AF279 /* MenuTableViewCell.swift */; };
		5825FC2D1E539E670031F5F5 /* AppDelegate.swift in Sources */ = {isa = PBXBuildFile; fileRef = 5825FC2C1E539E670031F5F5 /* AppDelegate.swift */; };
		5825FC2F1E539E670031F5F5 /* ViewController.swift in Sources */ = {isa = PBXBuildFile; fileRef = 5825FC2E1E539E670031F5F5 /* ViewController.swift */; };
		5825FC321E539E670031F5F5 /* Main.storyboard in Resources */ = {isa = PBXBuildFile; fileRef = 5825FC301E539E670031F5F5 /* Main.storyboard */; };
		5825FC341E539E670031F5F5 /* Assets.xcassets in Resources */ = {isa = PBXBuildFile; fileRef = 5825FC331E539E670031F5F5 /* Assets.xcassets */; };
		5825FC371E539E670031F5F5 /* LaunchScreen.storyboard in Resources */ = {isa = PBXBuildFile; fileRef = 5825FC351E539E670031F5F5 /* LaunchScreen.storyboard */; };
		58899B3F1E572A9D00885344 /* SWRevealViewController.m in Sources */ = {isa = PBXBuildFile; fileRef = 58899B3E1E572A9D00885344 /* SWRevealViewController.m */; };
		58899B411E572B4300885344 /* GoogleService-Info.plist in Resources */ = {isa = PBXBuildFile; fileRef = 58899B401E572B4300885344 /* GoogleService-Info.plist */; };
		58CA0EE21E54A4CD00114191 /* MessageRViewController.swift in Sources */ = {isa = PBXBuildFile; fileRef = 58CA0EE11E54A4CD00114191 /* MessageRViewController.swift */; };
		58CA0EE41E54AB5900114191 /* MapsViewController.swift in Sources */ = {isa = PBXBuildFile; fileRef = 58CA0EE31E54AB5900114191 /* MapsViewController.swift */; };
		58CA0EE61E54ABF600114191 /* SettingViewController.swift in Sources */ = {isa = PBXBuildFile; fileRef = 58CA0EE51E54ABF600114191 /* SettingViewController.swift */; };
		58D711611E5606DB00D3AAA1 /* CoreLocation.framework in Frameworks */ = {isa = PBXBuildFile; fileRef = 58D711601E5606DB00D3AAA1 /* CoreLocation.framework */; };
		58F86F701E5B287C006B1E94 /* MessageSViewController.swift in Sources */ = {isa = PBXBuildFile; fileRef = 58F86F6F1E5B287C006B1E94 /* MessageSViewController.swift */; };
/* End PBXBuildFile section */

/* Begin PBXFileReference section */
		12DE63BEC9C5F51B98C00603 /* Pods-MessageApp.debug.xcconfig */ = {isa = PBXFileReference; includeInIndex = 1; lastKnownFileType = text.xcconfig; name = "Pods-MessageApp.debug.xcconfig"; path = "Pods/Target Support Files/Pods-MessageApp/Pods-MessageApp.debug.xcconfig"; sourceTree = "<group>"; };
		5802D5371E5490EA006AF279 /* MenuViewController.swift */ = {isa = PBXFileReference; fileEncoding = 4; lastKnownFileType = sourcecode.swift; path = MenuViewController.swift; sourceTree = "<group>"; };
		5802D5391E549111006AF279 /* MenuTableViewCell.swift */ = {isa = PBXFileReference; fileEncoding = 4; lastKnownFileType = sourcecode.swift; path = MenuTableViewCell.swift; sourceTree = "<group>"; };
		5825FC291E539E670031F5F5 /* MessageApp.app */ = {isa = PBXFileReference; explicitFileType = wrapper.application; includeInIndex = 0; path = MessageApp.app; sourceTree = BUILT_PRODUCTS_DIR; };
		5825FC2C1E539E670031F5F5 /* AppDelegate.swift */ = {isa = PBXFileReference; lastKnownFileType = sourcecode.swift; path = AppDelegate.swift; sourceTree = "<group>"; };
		5825FC2E1E539E670031F5F5 /* ViewController.swift */ = {isa = PBXFileReference; lastKnownFileType = sourcecode.swift; path = ViewController.swift; sourceTree = "<group>"; };
		5825FC311E539E670031F5F5 /* Base */ = {isa = PBXFileReference; lastKnownFileType = file.storyboard; name = Base; path = Base.lproj/Main.storyboard; sourceTree = "<group>"; };
		5825FC331E539E670031F5F5 /* Assets.xcassets */ = {isa = PBXFileReference; lastKnownFileType = folder.assetcatalog; path = Assets.xcassets; sourceTree = "<group>"; };
		5825FC361E539E670031F5F5 /* Base */ = {isa = PBXFileReference; lastKnownFileType = file.storyboard; name = Base; path = Base.lproj/LaunchScreen.storyboard; sourceTree = "<group>"; };
		5825FC381E539E670031F5F5 /* Info.plist */ = {isa = PBXFileReference; lastKnownFileType = text.plist.xml; path = Info.plist; sourceTree = "<group>"; };
		5825FC3E1E539EA50031F5F5 /* MessageApp-Bridging-Header.h */ = {isa = PBXFileReference; lastKnownFileType = sourcecode.c.h; path = "MessageApp-Bridging-Header.h"; sourceTree = "<group>"; };
		58899B3D1E572A9D00885344 /* SWRevealViewController.h */ = {isa = PBXFileReference; fileEncoding = 4; lastKnownFileType = sourcecode.c.h; path = SWRevealViewController.h; sourceTree = "<group>"; };
		58899B3E1E572A9D00885344 /* SWRevealViewController.m */ = {isa = PBXFileReference; fileEncoding = 4; lastKnownFileType = sourcecode.c.objc; path = SWRevealViewController.m; sourceTree = "<group>"; };
		58899B401E572B4300885344 /* GoogleService-Info.plist */ = {isa = PBXFileReference; fileEncoding = 4; lastKnownFileType = text.plist.xml; path = "GoogleService-Info.plist"; sourceTree = "<group>"; };
		58899B421E57423100885344 /* MapKit.framework */ = {isa = PBXFileReference; lastKnownFileType = wrapper.framework; name = MapKit.framework; path = System/Library/Frameworks/MapKit.framework; sourceTree = SDKROOT; };
		58CA0EE11E54A4CD00114191 /* MessageRViewController.swift */ = {isa = PBXFileReference; fileEncoding = 4; lastKnownFileType = sourcecode.swift; path = MessageRViewController.swift; sourceTree = "<group>"; };
		58CA0EE31E54AB5900114191 /* MapsViewController.swift */ = {isa = PBXFileReference; fileEncoding = 4; lastKnownFileType = sourcecode.swift; path = MapsViewController.swift; sourceTree = "<group>"; };
		58CA0EE51E54ABF600114191 /* SettingViewController.swift */ = {isa = PBXFileReference; fileEncoding = 4; lastKnownFileType = sourcecode.swift; path = SettingViewController.swift; sourceTree = "<group>"; };
		58CB81CB1E54B0D100F8B75B /* FBSDKCoreKit.framework */ = {isa = PBXFileReference; lastKnownFileType = wrapper.framework; name = FBSDKCoreKit.framework; path = "Pods/../build/Debug-iphoneos/FBSDKCoreKit/FBSDKCoreKit.framework"; sourceTree = "<group>"; };
		58CB81CC1E54B0D100F8B75B /* FBSDKLoginKit.framework */ = {isa = PBXFileReference; lastKnownFileType = wrapper.framework; name = FBSDKLoginKit.framework; path = "Pods/../build/Debug-iphoneos/FBSDKLoginKit/FBSDKLoginKit.framework"; sourceTree = "<group>"; };
		58D711601E5606DB00D3AAA1 /* CoreLocation.framework */ = {isa = PBXFileReference; lastKnownFileType = wrapper.framework; name = CoreLocation.framework; path = System/Library/Frameworks/CoreLocation.framework; sourceTree = SDKROOT; };
		58F86F6F1E5B287C006B1E94 /* MessageSViewController.swift */ = {isa = PBXFileReference; fileEncoding = 4; lastKnownFileType = sourcecode.swift; path = MessageSViewController.swift; sourceTree = "<group>"; };
		A648186CEBF136646591AACE /* Pods-MessageApp.release.xcconfig */ = {isa = PBXFileReference; includeInIndex = 1; lastKnownFileType = text.xcconfig; name = "Pods-MessageApp.release.xcconfig"; path = "Pods/Target Support Files/Pods-MessageApp/Pods-MessageApp.release.xcconfig"; sourceTree = "<group>"; };
		EBFD69049D7854747DCB213C /* Pods_MessageApp.framework */ = {isa = PBXFileReference; explicitFileType = wrapper.framework; includeInIndex = 0; path = Pods_MessageApp.framework; sourceTree = BUILT_PRODUCTS_DIR; };
/* End PBXFileReference section */

/* Begin PBXFrameworksBuildPhase section */
		5825FC261E539E670031F5F5 /* Frameworks */ = {
			isa = PBXFrameworksBuildPhase;
			buildActionMask = 2147483647;
			files = (
				58D711611E5606DB00D3AAA1 /* CoreLocation.framework in Frameworks */,
				569907D894FC650E6C10070E /* Pods_MessageApp.framework in Frameworks */,
			);
			runOnlyForDeploymentPostprocessing = 0;
		};
/* End PBXFrameworksBuildPhase section */

/* Begin PBXGroup section */
		0C2AA2EAF0EEE62B347C04EB /* Frameworks */ = {
			isa = PBXGroup;
			children = (
				58899B421E57423100885344 /* MapKit.framework */,
				58D711601E5606DB00D3AAA1 /* CoreLocation.framework */,
				58CB81CB1E54B0D100F8B75B /* FBSDKCoreKit.framework */,
				58CB81CC1E54B0D100F8B75B /* FBSDKLoginKit.framework */,
				EBFD69049D7854747DCB213C /* Pods_MessageApp.framework */,
			);
			name = Frameworks;
			sourceTree = "<group>";
		};
		0DE420416CBC98EDB064AAD9 /* Pods */ = {
			isa = PBXGroup;
			children = (
				12DE63BEC9C5F51B98C00603 /* Pods-MessageApp.debug.xcconfig */,
				A648186CEBF136646591AACE /* Pods-MessageApp.release.xcconfig */,
			);
			name = Pods;
			sourceTree = "<group>";
		};
		5825FC201E539E670031F5F5 = {
			isa = PBXGroup;
			children = (
				5825FC2B1E539E670031F5F5 /* MessageApp */,
				5825FC2A1E539E670031F5F5 /* Products */,
				0DE420416CBC98EDB064AAD9 /* Pods */,
				0C2AA2EAF0EEE62B347C04EB /* Frameworks */,
			);
			sourceTree = "<group>";
		};
		5825FC2A1E539E670031F5F5 /* Products */ = {
			isa = PBXGroup;
			children = (
				5825FC291E539E670031F5F5 /* MessageApp.app */,
			);
			name = Products;
			sourceTree = "<group>";
		};
		5825FC2B1E539E670031F5F5 /* MessageApp */ = {
			isa = PBXGroup;
			children = (
				5825FC2C1E539E670031F5F5 /* AppDelegate.swift */,
				5825FC2E1E539E670031F5F5 /* ViewController.swift */,
				58899B3D1E572A9D00885344 /* SWRevealViewController.h */,
				58899B3E1E572A9D00885344 /* SWRevealViewController.m */,
				5825FC301E539E670031F5F5 /* Main.storyboard */,
				58CA0EE51E54ABF600114191 /* SettingViewController.swift */,
				58CA0EE31E54AB5900114191 /* MapsViewController.swift */,
				58CA0EE11E54A4CD00114191 /* MessageRViewController.swift */,
				58F86F6F1E5B287C006B1E94 /* MessageSViewController.swift */,
				5802D5371E5490EA006AF279 /* MenuViewController.swift */,
				5802D5391E549111006AF279 /* MenuTableViewCell.swift */,
				5825FC331E539E670031F5F5 /* Assets.xcassets */,
				5825FC351E539E670031F5F5 /* LaunchScreen.storyboard */,
				5825FC381E539E670031F5F5 /* Info.plist */,
				58899B401E572B4300885344 /* GoogleService-Info.plist */,
				5825FC3E1E539EA50031F5F5 /* MessageApp-Bridging-Header.h */,
			);
			path = MessageApp;
			sourceTree = "<group>";
		};
/* End PBXGroup section */

/* Begin PBXNativeTarget section */
		5825FC281E539E670031F5F5 /* MessageApp */ = {
			isa = PBXNativeTarget;
			buildConfigurationList = 5825FC3B1E539E670031F5F5 /* Build configuration list for PBXNativeTarget "MessageApp" */;
			buildPhases = (
				12DE6E76E046AF64C451F651 /* [CP] Check Pods Manifest.lock */,
				5825FC251E539E670031F5F5 /* Sources */,
				5825FC261E539E670031F5F5 /* Frameworks */,
				5825FC271E539E670031F5F5 /* Resources */,
				7E11E1C20B84C3088A2FB5C0 /* [CP] Embed Pods Frameworks */,
				B06722C2E01AEEC0BDCE56FF /* [CP] Copy Pods Resources */,
			);
			buildRules = (
			);
			dependencies = (
			);
			name = MessageApp;
			productName = MessageApp;
			productReference = 5825FC291E539E670031F5F5 /* MessageApp.app */;
			productType = "com.apple.product-type.application";
		};
/* End PBXNativeTarget section */

/* Begin PBXProject section */
		5825FC211E539E670031F5F5 /* Project object */ = {
			isa = PBXProject;
			attributes = {
				LastSwiftUpdateCheck = 0820;
				LastUpgradeCheck = 0820;
				ORGANIZATIONNAME = "Anthony Goncalves";
				TargetAttributes = {
					5825FC281E539E670031F5F5 = {
						CreatedOnToolsVersion = 8.2.1;
						DevelopmentTeam = 5VDLNGJ54Z;
						LastSwiftMigration = 0820;
						ProvisioningStyle = Automatic;
						SystemCapabilities = {
							com.apple.Maps.iOS = {
								enabled = 0;
							};
						};
					};
				};
			};
			buildConfigurationList = 5825FC241E539E670031F5F5 /* Build configuration list for PBXProject "MessageApp" */;
			compatibilityVersion = "Xcode 3.2";
			developmentRegion = English;
			hasScannedForEncodings = 0;
			knownRegions = (
				en,
				Base,
			);
			mainGroup = 5825FC201E539E670031F5F5;
			productRefGroup = 5825FC2A1E539E670031F5F5 /* Products */;
			projectDirPath = "";
			projectRoot = "";
			targets = (
				5825FC281E539E670031F5F5 /* MessageApp */,
			);
		};
/* End PBXProject section */

/* Begin PBXResourcesBuildPhase section */
		5825FC271E539E670031F5F5 /* Resources */ = {
			isa = PBXResourcesBuildPhase;
			buildActionMask = 2147483647;
			files = (
				5825FC371E539E670031F5F5 /* LaunchScreen.storyboard in Resources */,
				58899B411E572B4300885344 /* GoogleService-Info.plist in Resources */,
				5825FC341E539E670031F5F5 /* Assets.xcassets in Resources */,
				5825FC321E539E670031F5F5 /* Main.storyboard in Resources */,
			);
			runOnlyForDeploymentPostprocessing = 0;
		};
/* End PBXResourcesBuildPhase section */

/* Begin PBXShellScriptBuildPhase section */
		12DE6E76E046AF64C451F651 /* [CP] Check Pods Manifest.lock */ = {
			isa = PBXShellScriptBuildPhase;
			buildActionMask = 2147483647;
			files = (
			);
			inputPaths = (
			);
			name = "[CP] Check Pods Manifest.lock";
			outputPaths = (
			);
			runOnlyForDeploymentPostprocessing = 0;
			shellPath = /bin/sh;
			shellScript = "diff \"${PODS_ROOT}/../Podfile.lock\" \"${PODS_ROOT}/Manifest.lock\" > /dev/null\nif [ $? != 0 ] ; then\n    # print error to STDERR\n    echo \"error: The sandbox is not in sync with the Podfile.lock. Run 'pod install' or update your CocoaPods installation.\" >&2\n    exit 1\nfi\n";
			showEnvVarsInLog = 0;
		};
		7E11E1C20B84C3088A2FB5C0 /* [CP] Embed Pods Frameworks */ = {
			isa = PBXShellScriptBuildPhase;
			buildActionMask = 2147483647;
			files = (
			);
			inputPaths = (
			);
			name = "[CP] Embed Pods Frameworks";
			outputPaths = (
			);
			runOnlyForDeploymentPostprocessing = 0;
			shellPath = /bin/sh;
			shellScript = "\"${SRCROOT}/Pods/Target Support Files/Pods-MessageApp/Pods-MessageApp-frameworks.sh\"\n";
			showEnvVarsInLog = 0;
		};
		B06722C2E01AEEC0BDCE56FF /* [CP] Copy Pods Resources */ = {
			isa = PBXShellScriptBuildPhase;
			buildActionMask = 2147483647;
			files = (
			);
			inputPaths = (
			);
			name = "[CP] Copy Pods Resources";
			outputPaths = (
			);
			runOnlyForDeploymentPostprocessing = 0;
			shellPath = /bin/sh;
			shellScript = "\"${SRCROOT}/Pods/Target Support Files/Pods-MessageApp/Pods-MessageApp-resources.sh\"\n";
			showEnvVarsInLog = 0;
		};
/* End PBXShellScriptBuildPhase section */

/* Begin PBXSourcesBuildPhase section */
		5825FC251E539E670031F5F5 /* Sources */ = {
			isa = PBXSourcesBuildPhase;
			buildActionMask = 2147483647;
			files = (
				5825FC2F1E539E670031F5F5 /* ViewController.swift in Sources */,
				5825FC2D1E539E670031F5F5 /* AppDelegate.swift in Sources */,
				58CA0EE41E54AB5900114191 /* MapsViewController.swift in Sources */,
				58CA0EE61E54ABF600114191 /* SettingViewController.swift in Sources */,
				58899B3F1E572A9D00885344 /* SWRevealViewController.m in Sources */,
				58F86F701E5B287C006B1E94 /* MessageSViewController.swift in Sources */,
				5802D5381E5490EA006AF279 /* MenuViewController.swift in Sources */,
				58CA0EE21E54A4CD00114191 /* MessageRViewController.swift in Sources */,
				5802D53A1E549111006AF279 /* MenuTableViewCell.swift in Sources */,
			);
			runOnlyForDeploymentPostprocessing = 0;
		};
/* End PBXSourcesBuildPhase section */

/* Begin PBXVariantGroup section */
		5825FC301E539E670031F5F5 /* Main.storyboard */ = {
			isa = PBXVariantGroup;
			children = (
				5825FC311E539E670031F5F5 /* Base */,
			);
			name = Main.storyboard;
			sourceTree = "<group>";
		};
		5825FC351E539E670031F5F5 /* LaunchScreen.storyboard */ = {
			isa = PBXVariantGroup;
			children = (
				5825FC361E539E670031F5F5 /* Base */,
			);
			name = LaunchScreen.storyboard;
			sourceTree = "<group>";
		};
/* End PBXVariantGroup section */

/* Begin XCBuildConfiguration section */
		5825FC391E539E670031F5F5 /* Debug */ = {
			isa = XCBuildConfiguration;
			buildSettings = {
				ALWAYS_SEARCH_USER_PATHS = NO;
				CLANG_ANALYZER_NONNULL = YES;
				CLANG_CXX_LANGUAGE_STANDARD = "gnu++0x";
				CLANG_CXX_LIBRARY = "libc++";
				CLANG_ENABLE_MODULES = YES;
				CLANG_ENABLE_OBJC_ARC = YES;
				CLANG_WARN_BOOL_CONVERSION = YES;
				CLANG_WARN_CONSTANT_CONVERSION = YES;
				CLANG_WARN_DIRECT_OBJC_ISA_USAGE = YES_ERROR;
				CLANG_WARN_DOCUMENTATION_COMMENTS = YES;
				CLANG_WARN_EMPTY_BODY = YES;
				CLANG_WARN_ENUM_CONVERSION = YES;
				CLANG_WARN_INFINITE_RECURSION = YES;
				CLANG_WARN_INT_CONVERSION = YES;
				CLANG_WARN_OBJC_ROOT_CLASS = YES_ERROR;
				CLANG_WARN_SUSPICIOUS_MOVE = YES;
				CLANG_WARN_UNREACHABLE_CODE = YES;
				CLANG_WARN__DUPLICATE_METHOD_MATCH = YES;
				"CODE_SIGN_IDENTITY[sdk=iphoneos*]" = "iPhone Developer";
				COPY_PHASE_STRIP = NO;
				DEBUG_INFORMATION_FORMAT = dwarf;
				ENABLE_STRICT_OBJC_MSGSEND = YES;
				ENABLE_TESTABILITY = YES;
				GCC_C_LANGUAGE_STANDARD = gnu99;
				GCC_DYNAMIC_NO_PIC = NO;
				GCC_NO_COMMON_BLOCKS = YES;
				GCC_OPTIMIZATION_LEVEL = 0;
				GCC_PREPROCESSOR_DEFINITIONS = (
					"DEBUG=1",
					"$(inherited)",
				);
				GCC_WARN_64_TO_32_BIT_CONVERSION = YES;
				GCC_WARN_ABOUT_RETURN_TYPE = YES_ERROR;
				GCC_WARN_UNDECLARED_SELECTOR = YES;
				GCC_WARN_UNINITIALIZED_AUTOS = YES_AGGRESSIVE;
				GCC_WARN_UNUSED_FUNCTION = YES;
				GCC_WARN_UNUSED_VARIABLE = YES;
				IPHONEOS_DEPLOYMENT_TARGET = 10.2;
				MTL_ENABLE_DEBUG_INFO = YES;
				ONLY_ACTIVE_ARCH = YES;
				SDKROOT = iphoneos;
				SWIFT_ACTIVE_COMPILATION_CONDITIONS = DEBUG;
				SWIFT_OPTIMIZATION_LEVEL = "-Onone";
				TARGETED_DEVICE_FAMILY = "1,2";
			};
			name = Debug;
		};
		5825FC3A1E539E670031F5F5 /* Release */ = {
			isa = XCBuildConfiguration;
			buildSettings = {
				ALWAYS_SEARCH_USER_PATHS = NO;
				CLANG_ANALYZER_NONNULL = YES;
				CLANG_CXX_LANGUAGE_STANDARD = "gnu++0x";
				CLANG_CXX_LIBRARY = "libc++";
				CLANG_ENABLE_MODULES = YES;
				CLANG_ENABLE_OBJC_ARC = YES;
				CLANG_WARN_BOOL_CONVERSION = YES;
				CLANG_WARN_CONSTANT_CONVERSION = YES;
				CLANG_WARN_DIRECT_OBJC_ISA_USAGE = YES_ERROR;
				CLANG_WARN_DOCUMENTATION_COMMENTS = YES;
				CLANG_WARN_EMPTY_BODY = YES;
				CLANG_WARN_ENUM_CONVERSION = YES;
				CLANG_WARN_INFINITE_RECURSION = YES;
				CLANG_WARN_INT_CONVERSION = YES;
				CLANG_WARN_OBJC_ROOT_CLASS = YES_ERROR;
				CLANG_WARN_SUSPICIOUS_MOVE = YES;
				CLANG_WARN_UNREACHABLE_CODE = YES;
				CLANG_WARN__DUPLICATE_METHOD_MATCH = YES;
				"CODE_SIGN_IDENTITY[sdk=iphoneos*]" = "iPhone Developer";
				COPY_PHASE_STRIP = NO;
				DEBUG_INFORMATION_FORMAT = "dwarf-with-dsym";
				ENABLE_NS_ASSERTIONS = NO;
				ENABLE_STRICT_OBJC_MSGSEND = YES;
				GCC_C_LANGUAGE_STANDARD = gnu99;
				GCC_NO_COMMON_BLOCKS = YES;
				GCC_WARN_64_TO_32_BIT_CONVERSION = YES;
				GCC_WARN_ABOUT_RETURN_TYPE = YES_ERROR;
				GCC_WARN_UNDECLARED_SELECTOR = YES;
				GCC_WARN_UNINITIALIZED_AUTOS = YES_AGGRESSIVE;
				GCC_WARN_UNUSED_FUNCTION = YES;
				GCC_WARN_UNUSED_VARIABLE = YES;
				IPHONEOS_DEPLOYMENT_TARGET = 10.2;
				MTL_ENABLE_DEBUG_INFO = NO;
				SDKROOT = iphoneos;
				SWIFT_OPTIMIZATION_LEVEL = "-Owholemodule";
				TARGETED_DEVICE_FAMILY = "1,2";
				VALIDATE_PRODUCT = YES;
			};
			name = Release;
		};
		5825FC3C1E539E670031F5F5 /* Debug */ = {
			isa = XCBuildConfiguration;
			baseConfigurationReference = 12DE63BEC9C5F51B98C00603 /* Pods-MessageApp.debug.xcconfig */;
			buildSettings = {
				ASSETCATALOG_COMPILER_APPICON_NAME = AppIcon;
				CLANG_ENABLE_MODULES = YES;
				DEVELOPMENT_TEAM = 5VDLNGJ54Z;
				FRAMEWORK_SEARCH_PATHS = (
					"$(inherited)",
					"$(PROJECT_DIR)/build/Debug-iphoneos/FBSDKCoreKit",
					"$(PROJECT_DIR)/build/Debug-iphoneos/FBSDKLoginKit",
				);
				INFOPLIST_FILE = MessageApp/Info.plist;
				LD_RUNPATH_SEARCH_PATHS = "$(inherited) @executable_path/Frameworks";
				PRODUCT_BUNDLE_IDENTIFIER = com.alphadev.MessageApp;
				PRODUCT_NAME = "$(TARGET_NAME)";
				SWIFT_OBJC_BRIDGING_HEADER = "MessageApp/MessageApp-Bridging-Header.h";
				SWIFT_OPTIMIZATION_LEVEL = "-Onone";
				SWIFT_VERSION = 3.0;
			};
			name = Debug;
		};
		5825FC3D1E539E670031F5F5 /* Release */ = {
			isa = XCBuildConfiguration;
			baseConfigurationReference = A648186CEBF136646591AACE /* Pods-MessageApp.release.xcconfig */;
			buildSettings = {
				ASSETCATALOG_COMPILER_APPICON_NAME = AppIcon;
				CLANG_ENABLE_MODULES = YES;
				DEVELOPMENT_TEAM = 5VDLNGJ54Z;
				FRAMEWORK_SEARCH_PATHS = (
					"$(inherited)",
					"$(PROJECT_DIR)/build/Debug-iphoneos/FBSDKCoreKit",
					"$(PROJECT_DIR)/build/Debug-iphoneos/FBSDKLoginKit",
				);
				INFOPLIST_FILE = MessageApp/Info.plist;
				LD_RUNPATH_SEARCH_PATHS = "$(inherited) @executable_path/Frameworks";
				PRODUCT_BUNDLE_IDENTIFIER = com.alphadev.MessageApp;
				PRODUCT_NAME = "$(TARGET_NAME)";
				SWIFT_OBJC_BRIDGING_HEADER = "MessageApp/MessageApp-Bridging-Header.h";
				SWIFT_VERSION = 3.0;
			};
			name = Release;
		};
/* End XCBuildConfiguration section */

/* Begin XCConfigurationList section */
		5825FC241E539E670031F5F5 /* Build configuration list for PBXProject "MessageApp" */ = {
			isa = XCConfigurationList;
			buildConfigurations = (
				5825FC391E539E670031F5F5 /* Debug */,
				5825FC3A1E539E670031F5F5 /* Release */,
			);
			defaultConfigurationIsVisible = 0;
			defaultConfigurationName = Release;
		};
		5825FC3B1E539E670031F5F5 /* Build configuration list for PBXNativeTarget "MessageApp" */ = {
			isa = XCConfigurationList;
			buildConfigurations = (
				5825FC3C1E539E670031F5F5 /* Debug */,
				5825FC3D1E539E670031F5F5 /* Release */,
			);
			defaultConfigurationIsVisible = 0;
			defaultConfigurationName = Release;
		};
/* End XCConfigurationList section */
	};
	rootObject = 5825FC211E539E670031F5F5 /* Project object */;
}
